
Microsoft Visual Studio Solution File, Format Version 12.00
# Visual Studio Version 17
VisualStudioVersion = 17.5.002.0
MinimumVisualStudioVersion = 10.0.40219.1
Project("{9A19103F-16F7-4668-BE54-9A1E7A4F7556}") = "dotnet", "dotnet.csproj", "{F7523DA1-5652-4DF6-9A63-F6854EA01F64}"
EndProject
Global
	GlobalSection(SolutionConfigurationPlatforms) = preSolution
		Debug|Any CPU = Debug|Any CPU
		Release|Any CPU = Release|Any CPU
	EndGlobalSection
	GlobalSection(ProjectConfigurationPlatforms) = postSolution
		{F7523DA1-5652-4DF6-9A63-F6854EA01F64}.Debug|Any CPU.ActiveCfg = Debug|Any CPU
		{F7523DA1-5652-4DF6-9A63-F6854EA01F64}.Debug|Any CPU.Build.0 = Debug|Any CPU
		{F7523DA1-5652-4DF6-9A63-F6854EA01F64}.Release|Any CPU.ActiveCfg = Release|Any CPU
		{F7523DA1-5652-4DF6-9A63-F6854EA01F64}.Release|Any CPU.Build.0 = Release|Any CPU
	EndGlobalSection
	GlobalSection(SolutionProperties) = preSolution
		HideSolutionNode = FALSE
	EndGlobalSection
	GlobalSection(ExtensibilityGlobals) = postSolution
		SolutionGuid = {69B1FCB7-BB96-4E3B-8DE4-7B29A41B17EC}
	EndGlobalSection
EndGlobal
